
Microsoft Visual Studio Solution File, Format Version 12.00
# Visual Studio Version 16
VisualStudioVersion = 16.0.28922.388
MinimumVisualStudioVersion = 10.0.40219.1
Project("{FAE04EC0-301F-11D3-BF4B-00C04F79EFBC}") = "Proyecto", "LOGIN\Proyecto.csproj", "{14777CCE-29FE-4663-9CAF-69FCD5633AA3}"
EndProject
Project("{2150E333-8FDC-42A3-9474-1A3956D46DE8}") = "Solution Items", "Solution Items", "{069F9FCE-CCA7-4488-8E0D-E6B306BE95A1}"
	ProjectSection(SolutionItems) = preProject
		Forms.txt = Forms.txt
	EndProjectSection
EndProject
Global
	GlobalSection(SolutionConfigurationPlatforms) = preSolution
		Debug|Any CPU = Debug|Any CPU
		Debug|x64 = Debug|x64
		Release|Any CPU = Release|Any CPU
		Release|x64 = Release|x64
	EndGlobalSection
	GlobalSection(ProjectConfigurationPlatforms) = postSolution
		{14777CCE-29FE-4663-9CAF-69FCD5633AA3}.Debug|Any CPU.ActiveCfg = Release|Any CPU
		{14777CCE-29FE-4663-9CAF-69FCD5633AA3}.Debug|Any CPU.Build.0 = Release|Any CPU
		{14777CCE-29FE-4663-9CAF-69FCD5633AA3}.Debug|x64.ActiveCfg = Debug|x64
		{14777CCE-29FE-4663-9CAF-69FCD5633AA3}.Debug|x64.Build.0 = Debug|x64
		{14777CCE-29FE-4663-9CAF-69FCD5633AA3}.Release|Any CPU.ActiveCfg = Release|Any CPU
		{14777CCE-29FE-4663-9CAF-69FCD5633AA3}.Release|Any CPU.Build.0 = Release|Any CPU
		{14777CCE-29FE-4663-9CAF-69FCD5633AA3}.Release|x64.ActiveCfg = Release|x64
		{14777CCE-29FE-4663-9CAF-69FCD5633AA3}.Release|x64.Build.0 = Release|x64
	EndGlobalSection
	GlobalSection(SolutionProperties) = preSolution
		HideSolutionNode = FALSE
	EndGlobalSection
	GlobalSection(ExtensibilityGlobals) = postSolution
		SolutionGuid = {C36D0FF2-98CE-42AB-A66E-AE66389D3CAF}
	EndGlobalSection
EndGlobal
